
Microsoft Visual Studio Solution File, Format Version 12.00
# Visual Studio 2012
Project("{FAE04EC0-301F-11D3-BF4B-00C04F79EFBC}") = "Credfeto.Gallery.Scanner", "Credfeto.Gallery.Scanner\Credfeto.Gallery.Scanner.csproj", "{3698F44D-BBFF-4173-B1B2-2C6A0A9F537E}"
EndProject
Project("{FAE04EC0-301F-11D3-BF4B-00C04F79EFBC}") = "Credfeto.Gallery.ObjectModel", "Credfeto.Gallery.ObjectModel\Credfeto.Gallery.ObjectModel.csproj", "{7A5F8CCB-3D18-4FB0-AEE7-3037B8000EBC}"
EndProject
Project("{FAE04EC0-301F-11D3-BF4B-00C04F79EFBC}") = "Credfeto.Gallery.OutputBuilder", "Credfeto.Gallery.OutputBuilder\Credfeto.Gallery.OutputBuilder.csproj", "{BED35732-4FE3-46B5-888D-0C19EFD2030F}"
EndProject
Project("{FAE04EC0-301F-11D3-BF4B-00C04F79EFBC}") = "Credfeto.Gallery.FileNaming", "Credfeto.Gallery.FileNaming\Credfeto.Gallery.FileNaming.csproj", "{15F89A2F-BB27-4BE5-AC83-6353A7295D36}"
EndProject
Project("{2150E333-8FDC-42A3-9474-1A3956D46DE8}") = "Scripts", "Scripts", "{33315911-4476-4C70-8141-E74BFBF88454}"
	ProjectSection(SolutionItems) = preProject
		Scripts\BuildAll.proj = Scripts\BuildAll.proj
	EndProjectSection
EndProject
Project("{FAE04EC0-301F-11D3-BF4B-00C04F79EFBC}") = "Credfeto.Gallery.SiteIndexBuilder", "Credfeto.Gallery.SiteIndexBuilder\Credfeto.Gallery.SiteIndexBuilder.csproj", "{0DB62336-4B3A-4AA7-8EF5-FADF44A4E519}"
EndProject
Project("{FAE04EC0-301F-11D3-BF4B-00C04F79EFBC}") = "Credfeto.Gallery.Storage", "Credfeto.Gallery.Storage\Credfeto.Gallery.Storage.csproj", "{08172B08-5233-4626-BE5B-D4FBCCCAA14B}"
EndProject
Project("{FAE04EC0-301F-11D3-BF4B-00C04F79EFBC}") = "Credfeto.Gallery.DeleteCorruptImage", "Credfeto.Gallery.DeleteCorruptImage\Credfeto.Gallery.DeleteCorruptImage.csproj", "{B4EC82DA-7E7A-41B2-A0E9-9311F91D3F9B}"
EndProject
Project("{FAE04EC0-301F-11D3-BF4B-00C04F79EFBC}") = "Credfeto.Gallery.Image", "Credfeto.Gallery.Image\Credfeto.Gallery.Image.csproj", "{2425D0E9-202D-49CD-9363-138218D882CF}"
EndProject
Project("{FAE04EC0-301F-11D3-BF4B-00C04F79EFBC}") = "Credfeto.Gallery.Upload", "Credfeto.Gallery.Upload\Credfeto.Gallery.Upload.csproj", "{BAD7ABE8-2341-4230-A36A-3EC8DE8B4F2E}"
EndProject
Project("{FAE04EC0-301F-11D3-BF4B-00C04F79EFBC}") = "Credfeto.Gallery.UploadData", "Credfeto.Gallery.UploadData\Credfeto.Gallery.UploadData.csproj", "{74ED470B-4F10-40E7-9136-CC7F812B0820}"
EndProject
Project("{2150E333-8FDC-42A3-9474-1A3956D46DE8}") = "Config", "Config", "{2C212D91-1894-4480-A07C-5E7AF60A8EC4}"
ProjectSection(SolutionItems) = preProject
	CodeAnalysis.ruleset = CodeAnalysis.ruleset
	global.json = global.json
EndProjectSection
EndProject
Global
	GlobalSection(SolutionConfigurationPlatforms) = preSolution
		Debug|Any CPU = Debug|Any CPU
		Release|Any CPU = Release|Any CPU
	EndGlobalSection
	GlobalSection(ProjectConfigurationPlatforms) = postSolution
		{3698F44D-BBFF-4173-B1B2-2C6A0A9F537E}.Debug|Any CPU.ActiveCfg = Debug|Any CPU
		{3698F44D-BBFF-4173-B1B2-2C6A0A9F537E}.Debug|Any CPU.Build.0 = Debug|Any CPU
		{3698F44D-BBFF-4173-B1B2-2C6A0A9F537E}.Release|Any CPU.ActiveCfg = Release|Any CPU
		{3698F44D-BBFF-4173-B1B2-2C6A0A9F537E}.Release|Any CPU.Build.0 = Release|Any CPU
		{7A5F8CCB-3D18-4FB0-AEE7-3037B8000EBC}.Debug|Any CPU.ActiveCfg = Debug|Any CPU
		{7A5F8CCB-3D18-4FB0-AEE7-3037B8000EBC}.Debug|Any CPU.Build.0 = Debug|Any CPU
		{7A5F8CCB-3D18-4FB0-AEE7-3037B8000EBC}.Release|Any CPU.ActiveCfg = Release|Any CPU
		{7A5F8CCB-3D18-4FB0-AEE7-3037B8000EBC}.Release|Any CPU.Build.0 = Release|Any CPU
		{BED35732-4FE3-46B5-888D-0C19EFD2030F}.Debug|Any CPU.ActiveCfg = Debug|Any CPU
		{BED35732-4FE3-46B5-888D-0C19EFD2030F}.Debug|Any CPU.Build.0 = Debug|Any CPU
		{BED35732-4FE3-46B5-888D-0C19EFD2030F}.Release|Any CPU.ActiveCfg = Release|Any CPU
		{BED35732-4FE3-46B5-888D-0C19EFD2030F}.Release|Any CPU.Build.0 = Release|Any CPU
		{15F89A2F-BB27-4BE5-AC83-6353A7295D36}.Debug|Any CPU.ActiveCfg = Debug|Any CPU
		{15F89A2F-BB27-4BE5-AC83-6353A7295D36}.Debug|Any CPU.Build.0 = Debug|Any CPU
		{15F89A2F-BB27-4BE5-AC83-6353A7295D36}.Release|Any CPU.ActiveCfg = Release|Any CPU
		{15F89A2F-BB27-4BE5-AC83-6353A7295D36}.Release|Any CPU.Build.0 = Release|Any CPU
		{0DB62336-4B3A-4AA7-8EF5-FADF44A4E519}.Debug|Any CPU.ActiveCfg = Debug|Any CPU
		{0DB62336-4B3A-4AA7-8EF5-FADF44A4E519}.Debug|Any CPU.Build.0 = Debug|Any CPU
		{0DB62336-4B3A-4AA7-8EF5-FADF44A4E519}.Release|Any CPU.ActiveCfg = Release|Any CPU
		{0DB62336-4B3A-4AA7-8EF5-FADF44A4E519}.Release|Any CPU.Build.0 = Release|Any CPU
		{08172B08-5233-4626-BE5B-D4FBCCCAA14B}.Debug|Any CPU.ActiveCfg = Debug|Any CPU
		{08172B08-5233-4626-BE5B-D4FBCCCAA14B}.Debug|Any CPU.Build.0 = Debug|Any CPU
		{08172B08-5233-4626-BE5B-D4FBCCCAA14B}.Release|Any CPU.ActiveCfg = Release|Any CPU
		{08172B08-5233-4626-BE5B-D4FBCCCAA14B}.Release|Any CPU.Build.0 = Release|Any CPU
		{B4EC82DA-7E7A-41B2-A0E9-9311F91D3F9B}.Debug|Any CPU.ActiveCfg = Debug|Any CPU
		{B4EC82DA-7E7A-41B2-A0E9-9311F91D3F9B}.Debug|Any CPU.Build.0 = Debug|Any CPU
		{B4EC82DA-7E7A-41B2-A0E9-9311F91D3F9B}.Release|Any CPU.ActiveCfg = Release|Any CPU
		{B4EC82DA-7E7A-41B2-A0E9-9311F91D3F9B}.Release|Any CPU.Build.0 = Release|Any CPU
		{2425D0E9-202D-49CD-9363-138218D882CF}.Debug|Any CPU.ActiveCfg = Debug|Any CPU
		{2425D0E9-202D-49CD-9363-138218D882CF}.Debug|Any CPU.Build.0 = Debug|Any CPU
		{2425D0E9-202D-49CD-9363-138218D882CF}.Release|Any CPU.ActiveCfg = Release|Any CPU
		{2425D0E9-202D-49CD-9363-138218D882CF}.Release|Any CPU.Build.0 = Release|Any CPU
		{BAD7ABE8-2341-4230-A36A-3EC8DE8B4F2E}.Debug|Any CPU.ActiveCfg = Debug|Any CPU
		{BAD7ABE8-2341-4230-A36A-3EC8DE8B4F2E}.Debug|Any CPU.Build.0 = Debug|Any CPU
		{BAD7ABE8-2341-4230-A36A-3EC8DE8B4F2E}.Release|Any CPU.ActiveCfg = Release|Any CPU
		{BAD7ABE8-2341-4230-A36A-3EC8DE8B4F2E}.Release|Any CPU.Build.0 = Release|Any CPU
		{74ED470B-4F10-40E7-9136-CC7F812B0820}.Debug|Any CPU.ActiveCfg = Debug|Any CPU
		{74ED470B-4F10-40E7-9136-CC7F812B0820}.Debug|Any CPU.Build.0 = Debug|Any CPU
		{74ED470B-4F10-40E7-9136-CC7F812B0820}.Release|Any CPU.ActiveCfg = Release|Any CPU
		{74ED470B-4F10-40E7-9136-CC7F812B0820}.Release|Any CPU.Build.0 = Release|Any CPU
	EndGlobalSection
	GlobalSection(SolutionProperties) = preSolution
		HideSolutionNode = FALSE
	EndGlobalSection
EndGlobal
